
Microsoft Visual Studio Solution File, Format Version 12.00
# Visual Studio 2013
VisualStudioVersion = 12.0.30501.0
MinimumVisualStudioVersion = 10.0.40219.1
Project("{FAE04EC0-301F-11D3-BF4B-00C04F79EFBC}") = "MoreZipFileExtensions.Tests", "MoreZipFileExtensions.Tests\MoreZipFileExtensions.Tests.csproj", "{D5C07A1B-534D-4C05-AF13-8123B6055B23}"
EndProject
Project("{FAE04EC0-301F-11D3-BF4B-00C04F79EFBC}") = "MoreZipFileExtensions", "MoreZipFileExtensions\MoreZipFileExtensions.csproj", "{C880BEB2-7623-4650-9566-E063A7D02BE7}"
EndProject
Global
	GlobalSection(SolutionConfigurationPlatforms) = preSolution
		Debug|Any CPU = Debug|Any CPU
		Release|Any CPU = Release|Any CPU
	EndGlobalSection
	GlobalSection(ProjectConfigurationPlatforms) = postSolution
		{D5C07A1B-534D-4C05-AF13-8123B6055B23}.Debug|Any CPU.ActiveCfg = Debug|Any CPU
		{D5C07A1B-534D-4C05-AF13-8123B6055B23}.Debug|Any CPU.Build.0 = Debug|Any CPU
		{D5C07A1B-534D-4C05-AF13-8123B6055B23}.Release|Any CPU.ActiveCfg = Release|Any CPU
		{D5C07A1B-534D-4C05-AF13-8123B6055B23}.Release|Any CPU.Build.0 = Release|Any CPU
		{C880BEB2-7623-4650-9566-E063A7D02BE7}.Debug|Any CPU.ActiveCfg = Debug|Any CPU
		{C880BEB2-7623-4650-9566-E063A7D02BE7}.Debug|Any CPU.Build.0 = Debug|Any CPU
		{C880BEB2-7623-4650-9566-E063A7D02BE7}.Release|Any CPU.ActiveCfg = Release|Any CPU
		{C880BEB2-7623-4650-9566-E063A7D02BE7}.Release|Any CPU.Build.0 = Release|Any CPU
	EndGlobalSection
	GlobalSection(SolutionProperties) = preSolution
		HideSolutionNode = FALSE
	EndGlobalSection
EndGlobal
